# THIS IS AN AUTOGENERATED FILE. DO NOT EDIT THIS FILE DIRECTLY.
# yarn lockfile v1


"@oxlint/binding-android-arm-eabi@1.68.0":
  version "1.68.0"
  resolved "https://registry.yarnpkg.com/@oxlint/binding-android-arm-eabi/-/binding-android-arm-eabi-1.68.0.tgz#3f8697be5ec17b60100858a5f5ed6c4a79f0c4fa"
  integrity sha512-wEdsIspexXLLMCPAEOcCuFLMt6aE3AzTuA/nQKLPRnoJ+EQTturmGheDkhHuuVHx0GbutjQ3JKmEn+Gz6Ag28Q==

"@oxlint/binding-android-arm64@1.68.0":
  version "1.68.0"
  resolved "https://registry.yarnpkg.com/@oxlint/binding-android-arm64/-/binding-android-arm64-1.68.0.tgz#0bcb3c630621b9d4ed5bcc71095478f5d358fba1"
  integrity sha512-6aZRNNXQTsYtgaus8HTb9nuCcsrQTlKXGnktwvwW0n/SooRWNxNb3925grDkC63aEYZuCIyOVLV16IdYIoC2aQ==

"@oxlint/binding-darwin-arm64@1.68.0":
  version "1.68.0"
  resolved "https://registry.yarnpkg.com/@oxlint/binding-darwin-arm64/-/binding-darwin-arm64-1.68.0.tgz#17b82aa66af8b21390470e7d23ecde3338f19a04"
  integrity sha512-lVTbsE3kO4bLpZELgjRZuAJc8kP98wb83yMXWH8gaPaFZ+cM2IDeZto4ByoUAYj0Mxv2rvw+A1ssZequSepVSg==

"@oxlint/binding-darwin-x64@1.68.0":
  version "1.68.0"
  resolved "https://registry.yarnpkg.com/@oxlint/binding-darwin-x64/-/binding-darwin-x64-1.68.0.tgz#647a4de97354ee64588961993ec8884e662728d4"
  integrity sha512-nCmw2XrmQskjBUh/sfP5yKs93V68LijQgjd1cuuZ/q4SCARngLYs60/qqyzuMsg8QQ9KArDI98hxs/RDGE4KRQ==

"@oxlint/binding-freebsd-x64@1.68.0":
  version "1.68.0"
  resolved "https://registry.yarnpkg.com/@oxlint/binding-freebsd-x64/-/binding-freebsd-x64-1.68.0.tgz#d4028b721e0c926c4131464584d4bf422553425e"
  integrity sha512-TI4ovQJliYE9V6e06cEv+qEI9uj7Ao65fmif4er4HD+aouyYyh0P31q2jh3KtqsOHHcQqv2PZ61TjJFLpBDGWQ==

"@oxlint/binding-linux-arm-gnueabihf@1.68.0":
  version "1.68.0"
  resolved "https://registry.yarnpkg.com/@oxlint/binding-linux-arm-gnueabihf/-/binding-linux-arm-gnueabihf-1.68.0.tgz#5e3bb46d36239d39170146a8406cef6880ca923f"
  integrity sha512-LcNnEi9g71Cmry5ZpLbKT+oVv+/zYG3hYVAbBBB5X85nOQZSk8l92CnDkxJMcxUg0NCnMCOFZuaVDlMyv4tYJw==

"@oxlint/binding-linux-arm-musleabihf@1.68.0":
  version "1.68.0"
  resolved "https://registry.yarnpkg.com/@oxlint/binding-linux-arm-musleabihf/-/binding-linux-arm-musleabihf-1.68.0.tgz#38df0bbe16fd76535dea8da81fe06f4064e4eeca"
  integrity sha512-OovHahL3FX4UaK+hgSf11llUx2vszqjSdQQ61Ck9InOEI/ptZoC4XSQJurITqItVvd53JSlmkLMeaNjM1PoQew==

"@oxlint/binding-linux-arm64-gnu@1.68.0":
  version "1.68.0"
  resolved "https://registry.yarnpkg.com/@oxlint/binding-linux-arm64-gnu/-/binding-linux-arm64-gnu-1.68.0.tgz#c4d73b4391f097b99046dcb7df2a7df3ace0af4c"
  integrity sha512-YbzTglnHLzzi9zv5or8Ztz5fykAoZE8W9iM42/bOrF4HBSB6rJTqdLQWuoP76EHQw9DuKl76K1QmFlG29sPJXQ==

"@oxlint/binding-linux-arm64-musl@1.68.0":
  version "1.68.0"
  resolved "https://registry.yarnpkg.com/@oxlint/binding-linux-arm64-musl/-/binding-linux-arm64-musl-1.68.0.tgz#bd3cea7af64bd921a75a141851128c22d172f51a"
  integrity sha512-qVKtCZNic+OoNnOr/hCQAu22HSQzflI7Fsq/Blzkw02SnLuv163k3kfmrVpZjSBlUHgsRKj6WgQiw30d3SX02Q==

"@oxlint/binding-linux-ppc64-gnu@1.68.0":
  version "1.68.0"
  resolved "https://registry.yarnpkg.com/@oxlint/binding-linux-ppc64-gnu/-/binding-linux-ppc64-gnu-1.68.0.tgz#1909c7383ee072ba8d46c6b5e58e45cc4d10a537"
  integrity sha512-zExyZ8ZOUuAyQ0y9jpTcyjKUz62YY9JhKPyVxzvjTpXzZ3ujdqiVwfPWDdnA1SsIOrxdtxHn7KErDHLWskFjXg==

"@oxlint/binding-linux-riscv64-gnu@1.68.0":
  version "1.68.0"
  resolved "https://registry.yarnpkg.com/@oxlint/binding-linux-riscv64-gnu/-/binding-linux-riscv64-gnu-1.68.0.tgz#3d4e4086ee2f8524040c4d33882f76151314ab7a"
  integrity sha512-6C4MPuwewyDavA7sxM14wzgRi5GGL68HPIxRCdVyS75U4MDbpFVYzKO9WNR6KLKTMPq2pcz3THwo1sK2uiqngw==

"@oxlint/binding-linux-riscv64-musl@1.68.0":
  version "1.68.0"
  resolved "https://registry.yarnpkg.com/@oxlint/binding-linux-riscv64-musl/-/binding-linux-riscv64-musl-1.68.0.tgz#88ba1238067385c6f6ad67ba16b219d7d9407ce0"
  integrity sha512-bnZooVeHAcvA+dH0EDLgx+7HY/DRi6e0hFszg3P+OBatuUjV6EvfIyNIzWOusmqAVh4L6r21GGTZtiKE4iqM4Q==

"@oxlint/binding-linux-s390x-gnu@1.68.0":
  version "1.68.0"
  resolved "https://registry.yarnpkg.com/@oxlint/binding-linux-s390x-gnu/-/binding-linux-s390x-gnu-1.68.0.tgz#da9aba99aefc0574485649bfd08c017cf0c9719e"
  integrity sha512-dIqnZnJSmHCMOUpUcWQOiV14o3DDPVx1DSsMaSzvdhNjC1tB1iEPZbdiMSCIEYbkgbsYznHXWqFdKL8WUB3F8g==

"@oxlint/binding-linux-x64-gnu@1.68.0":
  version "1.68.0"
  resolved "https://registry.yarnpkg.com/@oxlint/binding-linux-x64-gnu/-/binding-linux-x64-gnu-1.68.0.tgz#40397c621a2143a21fb25009d7377a5ef06950bd"
  integrity sha512-zc9lEnfV/HreDTY6gdMlZe+irkwHSxQ4/B1pS9GyK7RVaA5LxhoZY/w6/o2vIwLLEYiXQ5ujGxOM1ZazeFAAIA==

"@oxlint/binding-linux-x64-musl@1.68.0":
  version "1.68.0"
  resolved "https://registry.yarnpkg.com/@oxlint/binding-linux-x64-musl/-/binding-linux-x64-musl-1.68.0.tgz#734c532deaead5b7c85cee78b40a93c69316f4f1"
  integrity sha512-Dl5QEX0TCo/40Cdh1o1JdPS//+YiWqjC+Hrrya5OQmStZZr4svAFtdlqcpCrU9yq2Mo3vRVyO9B3h0dzD8s36Q==

"@oxlint/binding-openharmony-arm64@1.68.0":
  version "1.68.0"
  resolved "https://registry.yarnpkg.com/@oxlint/binding-openharmony-arm64/-/binding-openharmony-arm64-1.68.0.tgz#fb3da0633c07bdea6ebad45f07ace76e23e92bae"
  integrity sha512-/qy6dOvi4S3/LeXq0l5BT5pRKPYA7oj3uKwJOAZOr5HRLL+HK6jdBynvWuXIA2wwfE01RzNYmbBdM7vwYx00sA==

"@oxlint/binding-win32-arm64-msvc@1.68.0":
  version "1.68.0"
  resolved "https://registry.yarnpkg.com/@oxlint/binding-win32-arm64-msvc/-/binding-win32-arm64-msvc-1.68.0.tgz#43c10d2653af996349f545587cc0a12aadd7119d"
  integrity sha512-fHNtVqPHSYE7UFDSLVFUjxQjnSVXxseNJmRW+XuP4pXXDwePdPda43NL7/BBCFTxHjycOc44JNDaOPtFDNui9A==

"@oxlint/binding-win32-ia32-msvc@1.68.0":
  version "1.68.0"
  resolved "https://registry.yarnpkg.com/@oxlint/binding-win32-ia32-msvc/-/binding-win32-ia32-msvc-1.68.0.tgz#1158f1f3afe7eb9345287faae5f3a8cba1ac64fb"
  integrity sha512-NnKXr4Wgo4nps3erhrE0f8shBvBPZMHg72nDsvX0JyrRvsNiP3f1JNvbCKh+A6VFvpF7ZoJxu904P3cKMhvZnA==

"@oxlint/binding-win32-x64-msvc@1.68.0":
  version "1.68.0"
  resolved "https://registry.yarnpkg.com/@oxlint/binding-win32-x64-msvc/-/binding-win32-x64-msvc-1.68.0.tgz#856a424c0c54b8d1c2f0a517a6acf60fa47a895c"
  integrity sha512-zg5pA+84AlU6XHJ3ruiRxziO71QTrz8nLsk6u01JGS5+tL9/bnlakFiklFrcy4R1/V7ktWtaNitN3JZWmKnf6g==

andlog@^1.0.2:
  version "1.0.2"
  resolved "https://registry.yarnpkg.com/andlog/-/andlog-1.0.2.tgz#0e77a44f62a782be3a78a7527beb5761c183f044"
  integrity sha512-ne6ibcbv3wqZHzbXarG7NfOpU2ai5ao6429ocq1betBBDDx7KE7R6k0IIeaT29JNko0lA88yVzHRRuxX2wpkHQ==

bows@1.7.2:
  version "1.7.2"
  resolved "https://registry.yarnpkg.com/bows/-/bows-1.7.2.tgz#4deb95d5b78049794cce925a869155b722d2d516"
  integrity sha512-AeIQNXbTstXOPjIBol9oTnaaO/2ByuExio0AEIx8vqOIJnAAWFfbWWzh7YPiSKYAxJNTjcy+J+xH2jCRb460Yw==
  dependencies:
    andlog "^1.0.2"

lodash@4.18.1:
  version "4.18.1"
  resolved "https://registry.yarnpkg.com/lodash/-/lodash-4.18.1.tgz#ff2b66c1f6326d59513de2407bf881439812771c"
  integrity sha512-dMInicTPVE8d1e5otfwmmjlxkZoUpiVLwyeTdUsi/Caj/gfzzblBcCE5sRHV/AsjuCmxWrte2TNGSYuCeCq+0Q==

moment-timezone@0.6.2:
  version "0.6.2"
  resolved "https://registry.yarnpkg.com/moment-timezone/-/moment-timezone-0.6.2.tgz#a704cca03ee502f0df6edd42efcdcc61ee03190e"
  integrity sha512-lDsQv8FoGdBUdf0+TjGsq2orxKuXdwFlQ6Zw6TX3xIcTwTfEpCLyKqvEauvCHJ8iu3KBV8+uPhlv70YsNGdUBQ==
  dependencies:
    moment "^2.29.4"

moment@^2.29.4:
  version "2.30.1"
  resolved "https://registry.yarnpkg.com/moment/-/moment-2.30.1.tgz#f8c91c07b7a786e30c59926df530b4eac96974ae"
  integrity sha512-uEmtNhbDOrWPFS+hdjFCBfy9f2YoyzRpwcl+DqpC6taX21FzsTLQVbMV/W7PzNSX6x/bhC1zA3c2UQ5NzH6how==

oxlint@1.68.0:
  version "1.68.0"
  resolved "https://registry.yarnpkg.com/oxlint/-/oxlint-1.68.0.tgz#54e7bda0bc9018fcf54b1f609bd5b0aaad6e7978"
  integrity sha512-dXcbq+xsmLrMy6T8d0euf3IYUfLmjHIE11pOxiUSi5LHkFZaYPv568R6sEjcavVpUxoaQe66UBuK4HEi74NxpA==
  optionalDependencies:
    "@oxlint/binding-android-arm-eabi" "1.68.0"
    "@oxlint/binding-android-arm64" "1.68.0"
    "@oxlint/binding-darwin-arm64" "1.68.0"
    "@oxlint/binding-darwin-x64" "1.68.0"
    "@oxlint/binding-freebsd-x64" "1.68.0"
    "@oxlint/binding-linux-arm-gnueabihf" "1.68.0"
    "@oxlint/binding-linux-arm-musleabihf" "1.68.0"
    "@oxlint/binding-linux-arm64-gnu" "1.68.0"
    "@oxlint/binding-linux-arm64-musl" "1.68.0"
    "@oxlint/binding-linux-ppc64-gnu" "1.68.0"
    "@oxlint/binding-linux-riscv64-gnu" "1.68.0"
    "@oxlint/binding-linux-riscv64-musl" "1.68.0"
    "@oxlint/binding-linux-s390x-gnu" "1.68.0"
    "@oxlint/binding-linux-x64-gnu" "1.68.0"
    "@oxlint/binding-linux-x64-musl" "1.68.0"
    "@oxlint/binding-openharmony-arm64" "1.68.0"
    "@oxlint/binding-win32-arm64-msvc" "1.68.0"
    "@oxlint/binding-win32-ia32-msvc" "1.68.0"
    "@oxlint/binding-win32-x64-msvc" "1.68.0"

sundial@1.7.6:
  version "1.7.6"
  resolved "https://registry.yarnpkg.com/sundial/-/sundial-1.7.6.tgz#fb010598362b14de42954b944670ff294cc2d85e"
  integrity sha512-kitT9n72yG1Aq4JBz3O7VGQXmBwsldWipSjUz0HA156DfFwMjiput51MIcVEt6bZ8m7fkFXv9g1afZHE5gBvbw==
  dependencies:
    moment-timezone "0.6.2"
